// !$*UTF8*$!
{
	archiveVersion = 1;
	classes = {
	};
	objectVersion = 56;
	objects = {

/* Begin PBXBuildFile section */
		01215D1D2B5F4B4000C8B66C /* ScenicApp.swift in Sources */ = {isa = PBXBuildFile; fileRef = 01215D1C2B5F4B4000C8B66C /* ScenicApp.swift */; };
		01215D1F2B5F4B4000C8B66C /* ContentView.swift in Sources */ = {isa = PBXBuildFile; fileRef = 01215D1E2B5F4B4000C8B66C /* ContentView.swift */; };
		01215D212B5F4B4100C8B66C /* Assets.xcassets in Resources */ = {isa = PBXBuildFile; fileRef = 01215D202B5F4B4100C8B66C /* Assets.xcassets */; };
		01215D242B5F4B4100C8B66C /* Preview Assets.xcassets in Resources */ = {isa = PBXBuildFile; fileRef = 01215D232B5F4B4100C8B66C /* Preview Assets.xcassets */; };
		01215D2F2B5F4B4100C8B66C /* ScenicTests.swift in Sources */ = {isa = PBXBuildFile; fileRef = 01215D2E2B5F4B4100C8B66C /* ScenicTests.swift */; };
		01215D392B5F4B4100C8B66C /* ScenicUITests.swift in Sources */ = {isa = PBXBuildFile; fileRef = 01215D382B5F4B4100C8B66C /* ScenicUITests.swift */; };
		01215D3B2B5F4B4100C8B66C /* ScenicUITestsLaunchTests.swift in Sources */ = {isa = PBXBuildFile; fileRef = 01215D3A2B5F4B4100C8B66C /* ScenicUITestsLaunchTests.swift */; };
		01CAB9CD2B6376DE00549DA6 /* ScenicModel.swift in Sources */ = {isa = PBXBuildFile; fileRef = 01CAB9CC2B6376DE00549DA6 /* ScenicModel.swift */; };
		01F0B2452B5F50470020C5CE /* SurfaceView.swift in Sources */ = {isa = PBXBuildFile; fileRef = 01F0B2442B5F50460020C5CE /* SurfaceView.swift */; };
/* End PBXBuildFile section */

/* Begin PBXContainerItemProxy section */
		01215D2B2B5F4B4100C8B66C /* PBXContainerItemProxy */ = {
			isa = PBXContainerItemProxy;
			containerPortal = 01215D112B5F4B4000C8B66C /* Project object */;
			proxyType = 1;
			remoteGlobalIDString = 01215D182B5F4B4000C8B66C;
			remoteInfo = Scenic;
		};
		01215D352B5F4B4100C8B66C /* PBXContainerItemProxy */ = {
			isa = PBXContainerItemProxy;
			containerPortal = 01215D112B5F4B4000C8B66C /* Project object */;
			proxyType = 1;
			remoteGlobalIDString = 01215D182B5F4B4000C8B66C;
			remoteInfo = Scenic;
		};
/* End PBXContainerItemProxy section */

/* Begin PBXFileReference section */
		01215D192B5F4B4000C8B66C /* Scenic.app */ = {isa = PBXFileReference; explicitFileType = wrapper.application; includeInIndex = 0; path = Scenic.app; sourceTree = BUILT_PRODUCTS_DIR; };
		01215D1C2B5F4B4000C8B66C /* ScenicApp.swift */ = {isa = PBXFileReference; lastKnownFileType = sourcecode.swift; path = ScenicApp.swift; sourceTree = "<group>"; };
		01215D1E2B5F4B4000C8B66C /* ContentView.swift */ = {isa = PBXFileReference; lastKnownFileType = sourcecode.swift; path = ContentView.swift; sourceTree = "<group>"; };
		01215D202B5F4B4100C8B66C /* Assets.xcassets */ = {isa = PBXFileReference; lastKnownFileType = folder.assetcatalog; path = Assets.xcassets; sourceTree = "<group>"; };
		01215D232B5F4B4100C8B66C /* Preview Assets.xcassets */ = {isa = PBXFileReference; lastKnownFileType = folder.assetcatalog; path = "Preview Assets.xcassets"; sourceTree = "<group>"; };
		01215D252B5F4B4100C8B66C /* Scenic.entitlements */ = {isa = PBXFileReference; lastKnownFileType = text.plist.entitlements; path = Scenic.entitlements; sourceTree = "<group>"; };
		01215D2A2B5F4B4100C8B66C /* ScenicTests.xctest */ = {isa = PBXFileReference; explicitFileType = wrapper.cfbundle; includeInIndex = 0; path = ScenicTests.xctest; sourceTree = BUILT_PRODUCTS_DIR; };
		01215D2E2B5F4B4100C8B66C /* ScenicTests.swift */ = {isa = PBXFileReference; lastKnownFileType = sourcecode.swift; path = ScenicTests.swift; sourceTree = "<group>"; };
		01215D342B5F4B4100C8B66C /* ScenicUITests.xctest */ = {isa = PBXFileReference; explicitFileType = wrapper.cfbundle; includeInIndex = 0; path = ScenicUITests.xctest; sourceTree = BUILT_PRODUCTS_DIR; };
		01215D382B5F4B4100C8B66C /* ScenicUITests.swift */ = {isa = PBXFileReference; lastKnownFileType = sourcecode.swift; path = ScenicUITests.swift; sourceTree = "<group>"; };
		01215D3A2B5F4B4100C8B66C /* ScenicUITestsLaunchTests.swift */ = {isa = PBXFileReference; lastKnownFileType = sourcecode.swift; path = ScenicUITestsLaunchTests.swift; sourceTree = "<group>"; };
		01CAB9CC2B6376DE00549DA6 /* ScenicModel.swift */ = {isa = PBXFileReference; lastKnownFileType = sourcecode.swift; path = ScenicModel.swift; sourceTree = "<group>"; };
		01F0B2442B5F50460020C5CE /* SurfaceView.swift */ = {isa = PBXFileReference; lastKnownFileType = sourcecode.swift; path = SurfaceView.swift; sourceTree = "<group>"; };
/* End PBXFileReference section */

/* Begin PBXFrameworksBuildPhase section */
		01215D162B5F4B4000C8B66C /* Frameworks */ = {
			isa = PBXFrameworksBuildPhase;
			buildActionMask = 2147483647;
			files = (
			);
			runOnlyForDeploymentPostprocessing = 0;
		};
		01215D272B5F4B4100C8B66C /* Frameworks */ = {
			isa = PBXFrameworksBuildPhase;
			buildActionMask = 2147483647;
			files = (
			);
			runOnlyForDeploymentPostprocessing = 0;
		};
		01215D312B5F4B4100C8B66C /* Frameworks */ = {
			isa = PBXFrameworksBuildPhase;
			buildActionMask = 2147483647;
			files = (
			);
			runOnlyForDeploymentPostprocessing = 0;
		};
/* End PBXFrameworksBuildPhase section */

/* Begin PBXGroup section */
		01215D102B5F4B4000C8B66C = {
			isa = PBXGroup;
			children = (
				01215D1B2B5F4B4000C8B66C /* Scenic */,
				01215D2D2B5F4B4100C8B66C /* ScenicTests */,
				01215D372B5F4B4100C8B66C /* ScenicUITests */,
				01215D1A2B5F4B4000C8B66C /* Products */,
			);
			sourceTree = "<group>";
		};
		01215D1A2B5F4B4000C8B66C /* Products */ = {
			isa = PBXGroup;
			children = (
				01215D192B5F4B4000C8B66C /* Scenic.app */,
				01215D2A2B5F4B4100C8B66C /* ScenicTests.xctest */,
				01215D342B5F4B4100C8B66C /* ScenicUITests.xctest */,
			);
			name = Products;
			sourceTree = "<group>";
		};
		01215D1B2B5F4B4000C8B66C /* Scenic */ = {
			isa = PBXGroup;
			children = (
				01215D1C2B5F4B4000C8B66C /* ScenicApp.swift */,
				01215D1E2B5F4B4000C8B66C /* ContentView.swift */,
				01215D202B5F4B4100C8B66C /* Assets.xcassets */,
				01215D252B5F4B4100C8B66C /* Scenic.entitlements */,
				01215D222B5F4B4100C8B66C /* Preview Content */,
				01F0B2442B5F50460020C5CE /* SurfaceView.swift */,
				01CAB9CC2B6376DE00549DA6 /* ScenicModel.swift */,
			);
			path = Scenic;
			sourceTree = "<group>";
		};
		01215D222B5F4B4100C8B66C /* Preview Content */ = {
			isa = PBXGroup;
			children = (
				01215D232B5F4B4100C8B66C /* Preview Assets.xcassets */,
			);
			path = "Preview Content";
			sourceTree = "<group>";
		};
		01215D2D2B5F4B4100C8B66C /* ScenicTests */ = {
			isa = PBXGroup;
			children = (
				01215D2E2B5F4B4100C8B66C /* ScenicTests.swift */,
			);
			path = ScenicTests;
			sourceTree = "<group>";
		};
		01215D372B5F4B4100C8B66C /* ScenicUITests */ = {
			isa = PBXGroup;
			children = (
				01215D382B5F4B4100C8B66C /* ScenicUITests.swift */,
				01215D3A2B5F4B4100C8B66C /* ScenicUITestsLaunchTests.swift */,
			);
			path = ScenicUITests;
			sourceTree = "<group>";
		};
/* End PBXGroup section */

/* Begin PBXNativeTarget section */
		01215D182B5F4B4000C8B66C /* Scenic */ = {
			isa = PBXNativeTarget;
			buildConfigurationList = 01215D3E2B5F4B4100C8B66C /* Build configuration list for PBXNativeTarget "Scenic" */;
			buildPhases = (
				01215D152B5F4B4000C8B66C /* Sources */,
				01215D162B5F4B4000C8B66C /* Frameworks */,
				01215D172B5F4B4000C8B66C /* Resources */,
			);
			buildRules = (
			);
			dependencies = (
			);
			name = Scenic;
			productName = Scenic;
			productReference = 01215D192B5F4B4000C8B66C /* Scenic.app */;
			productType = "com.apple.product-type.application";
		};
		01215D292B5F4B4100C8B66C /* ScenicTests */ = {
			isa = PBXNativeTarget;
			buildConfigurationList = 01215D412B5F4B4100C8B66C /* Build configuration list for PBXNativeTarget "ScenicTests" */;
			buildPhases = (
				01215D262B5F4B4100C8B66C /* Sources */,
				01215D272B5F4B4100C8B66C /* Frameworks */,
				01215D282B5F4B4100C8B66C /* Resources */,
			);
			buildRules = (
			);
			dependencies = (
				01215D2C2B5F4B4100C8B66C /* PBXTargetDependency */,
			);
			name = ScenicTests;
			productName = ScenicTests;
			productReference = 01215D2A2B5F4B4100C8B66C /* ScenicTests.xctest */;
			productType = "com.apple.product-type.bundle.unit-test";
		};
		01215D332B5F4B4100C8B66C /* ScenicUITests */ = {
			isa = PBXNativeTarget;
			buildConfigurationList = 01215D442B5F4B4100C8B66C /* Build configuration list for PBXNativeTarget "ScenicUITests" */;
			buildPhases = (
				01215D302B5F4B4100C8B66C /* Sources */,
				01215D312B5F4B4100C8B66C /* Frameworks */,
				01215D322B5F4B4100C8B66C /* Resources */,
			);
			buildRules = (
			);
			dependencies = (
				01215D362B5F4B4100C8B66C /* PBXTargetDependency */,
			);
			name = ScenicUITests;
			productName = ScenicUITests;
			productReference = 01215D342B5F4B4100C8B66C /* ScenicUITests.xctest */;
			productType = "com.apple.product-type.bundle.ui-testing";
		};
/* End PBXNativeTarget section */

/* Begin PBXProject section */
		01215D112B5F4B4000C8B66C /* Project object */ = {
			isa = PBXProject;
			attributes = {
				BuildIndependentTargetsInParallel = 1;
				LastSwiftUpdateCheck = 1520;
				LastUpgradeCheck = 1520;
				TargetAttributes = {
					01215D182B5F4B4000C8B66C = {
						CreatedOnToolsVersion = 15.2;
					};
					01215D292B5F4B4100C8B66C = {
						CreatedOnToolsVersion = 15.2;
						TestTargetID = 01215D182B5F4B4000C8B66C;
					};
					01215D332B5F4B4100C8B66C = {
						CreatedOnToolsVersion = 15.2;
						TestTargetID = 01215D182B5F4B4000C8B66C;
					};
				};
			};
			buildConfigurationList = 01215D142B5F4B4000C8B66C /* Build configuration list for PBXProject "Scenic" */;
			compatibilityVersion = "Xcode 14.0";
			developmentRegion = en;
			hasScannedForEncodings = 0;
			knownRegions = (
				en,
				Base,
			);
			mainGroup = 01215D102B5F4B4000C8B66C;
			productRefGroup = 01215D1A2B5F4B4000C8B66C /* Products */;
			projectDirPath = "";
			projectRoot = "";
			targets = (
				01215D182B5F4B4000C8B66C /* Scenic */,
				01215D292B5F4B4100C8B66C /* ScenicTests */,
				01215D332B5F4B4100C8B66C /* ScenicUITests */,
			);
		};
/* End PBXProject section */

/* Begin PBXResourcesBuildPhase section */
		01215D172B5F4B4000C8B66C /* Resources */ = {
			isa = PBXResourcesBuildPhase;
			buildActionMask = 2147483647;
			files = (
				01215D242B5F4B4100C8B66C /* Preview Assets.xcassets in Resources */,
				01215D212B5F4B4100C8B66C /* Assets.xcassets in Resources */,
			);
			runOnlyForDeploymentPostprocessing = 0;
		};
		01215D282B5F4B4100C8B66C /* Resources */ = {
			isa = PBXResourcesBuildPhase;
			buildActionMask = 2147483647;
			files = (
			);
			runOnlyForDeploymentPostprocessing = 0;
		};
		01215D322B5F4B4100C8B66C /* Resources */ = {
			isa = PBXResourcesBuildPhase;
			buildActionMask = 2147483647;
			files = (
			);
			runOnlyForDeploymentPostprocessing = 0;
		};
/* End PBXResourcesBuildPhase section */

/* Begin PBXSourcesBuildPhase section */
		01215D152B5F4B4000C8B66C /* Sources */ = {
			isa = PBXSourcesBuildPhase;
			buildActionMask = 2147483647;
			files = (
				01215D1F2B5F4B4000C8B66C /* ContentView.swift in Sources */,
				01215D1D2B5F4B4000C8B66C /* ScenicApp.swift in Sources */,
				01CAB9CD2B6376DE00549DA6 /* ScenicModel.swift in Sources */,
				01F0B2452B5F50470020C5CE /* SurfaceView.swift in Sources */,
			);
			runOnlyForDeploymentPostprocessing = 0;
		};
		01215D262B5F4B4100C8B66C /* Sources */ = {
			isa = PBXSourcesBuildPhase;
			buildActionMask = 2147483647;
			files = (
				01215D2F2B5F4B4100C8B66C /* ScenicTests.swift in Sources */,
			);
			runOnlyForDeploymentPostprocessing = 0;
		};
		01215D302B5F4B4100C8B66C /* Sources */ = {
			isa = PBXSourcesBuildPhase;
			buildActionMask = 2147483647;
			files = (
				01215D392B5F4B4100C8B66C /* ScenicUITests.swift in Sources */,
				01215D3B2B5F4B4100C8B66C /* ScenicUITestsLaunchTests.swift in Sources */,
			);
			runOnlyForDeploymentPostprocessing = 0;
		};
/* End PBXSourcesBuildPhase section */

/* Begin PBXTargetDependency section */
		01215D2C2B5F4B4100C8B66C /* PBXTargetDependency */ = {
			isa = PBXTargetDependency;
			target = 01215D182B5F4B4000C8B66C /* Scenic */;
			targetProxy = 01215D2B2B5F4B4100C8B66C /* PBXContainerItemProxy */;
		};
		01215D362B5F4B4100C8B66C /* PBXTargetDependency */ = {
			isa = PBXTargetDependency;
			target = 01215D182B5F4B4000C8B66C /* Scenic */;
			targetProxy = 01215D352B5F4B4100C8B66C /* PBXContainerItemProxy */;
		};
/* End PBXTargetDependency section */

/* Begin XCBuildConfiguration section */
		01215D3C2B5F4B4100C8B66C /* Debug */ = {
			isa = XCBuildConfiguration;
			buildSettings = {
				ALWAYS_SEARCH_USER_PATHS = NO;
				ASSETCATALOG_COMPILER_GENERATE_SWIFT_ASSET_SYMBOL_EXTENSIONS = YES;
				CLANG_ANALYZER_NONNULL = YES;
				CLANG_ANALYZER_NUMBER_OBJECT_CONVERSION = YES_AGGRESSIVE;
				CLANG_CXX_LANGUAGE_STANDARD = "gnu++20";
				CLANG_ENABLE_MODULES = YES;
				CLANG_ENABLE_OBJC_ARC = YES;
				CLANG_ENABLE_OBJC_WEAK = YES;
				CLANG_WARN_BLOCK_CAPTURE_AUTORELEASING = YES;
				CLANG_WARN_BOOL_CONVERSION = YES;
				CLANG_WARN_COMMA = YES;
				CLANG_WARN_CONSTANT_CONVERSION = YES;
				CLANG_WARN_DEPRECATED_OBJC_IMPLEMENTATIONS = YES;
				CLANG_WARN_DIRECT_OBJC_ISA_USAGE = YES_ERROR;
				CLANG_WARN_DOCUMENTATION_COMMENTS = YES;
				CLANG_WARN_EMPTY_BODY = YES;
				CLANG_WARN_ENUM_CONVERSION = YES;
				CLANG_WARN_INFINITE_RECURSION = YES;
				CLANG_WARN_INT_CONVERSION = YES;
				CLANG_WARN_NON_LITERAL_NULL_CONVERSION = YES;
				CLANG_WARN_OBJC_IMPLICIT_RETAIN_SELF = YES;
				CLANG_WARN_OBJC_LITERAL_CONVERSION = YES;
				CLANG_WARN_OBJC_ROOT_CLASS = YES_ERROR;
				CLANG_WARN_QUOTED_INCLUDE_IN_FRAMEWORK_HEADER = YES;
				CLANG_WARN_RANGE_LOOP_ANALYSIS = YES;
				CLANG_WARN_STRICT_PROTOTYPES = YES;
				CLANG_WARN_SUSPICIOUS_MOVE = YES;
				CLANG_WARN_UNGUARDED_AVAILABILITY = YES_AGGRESSIVE;
				CLANG_WARN_UNREACHABLE_CODE = YES;
				CLANG_WARN__DUPLICATE_METHOD_MATCH = YES;
				COPY_PHASE_STRIP = NO;
				DEBUG_INFORMATION_FORMAT = dwarf;
				ENABLE_STRICT_OBJC_MSGSEND = YES;
				ENABLE_TESTABILITY = YES;
				ENABLE_USER_SCRIPT_SANDBOXING = YES;
				GCC_C_LANGUAGE_STANDARD = gnu17;
				GCC_DYNAMIC_NO_PIC = NO;
				GCC_NO_COMMON_BLOCKS = YES;
				GCC_OPTIMIZATION_LEVEL = 0;
				GCC_PREPROCESSOR_DEFINITIONS = (
					"DEBUG=1",
					"$(inherited)",
				);
				GCC_WARN_64_TO_32_BIT_CONVERSION = YES;
				GCC_WARN_ABOUT_RETURN_TYPE = YES_ERROR;
				GCC_WARN_UNDECLARED_SELECTOR = YES;
				GCC_WARN_UNINITIALIZED_AUTOS = YES_AGGRESSIVE;
				GCC_WARN_UNUSED_FUNCTION = YES;
				GCC_WARN_UNUSED_VARIABLE = YES;
				LOCALIZATION_PREFERS_STRING_CATALOGS = YES;
				MACOSX_DEPLOYMENT_TARGET = 14.2;
				MTL_ENABLE_DEBUG_INFO = INCLUDE_SOURCE;
				MTL_FAST_MATH = YES;
				ONLY_ACTIVE_ARCH = YES;
				SDKROOT = macosx;
				SWIFT_ACTIVE_COMPILATION_CONDITIONS = "DEBUG $(inherited)";
				SWIFT_OPTIMIZATION_LEVEL = "-Onone";
			};
			name = Debug;
		};
		01215D3D2B5F4B4100C8B66C /* Release */ = {
			isa = XCBuildConfiguration;
			buildSettings = {
				ALWAYS_SEARCH_USER_PATHS = NO;
				ASSETCATALOG_COMPILER_GENERATE_SWIFT_ASSET_SYMBOL_EXTENSIONS = YES;
				CLANG_ANALYZER_NONNULL = YES;
				CLANG_ANALYZER_NUMBER_OBJECT_CONVERSION = YES_AGGRESSIVE;
				CLANG_CXX_LANGUAGE_STANDARD = "gnu++20";
				CLANG_ENABLE_MODULES = YES;
				CLANG_ENABLE_OBJC_ARC = YES;
				CLANG_ENABLE_OBJC_WEAK = YES;
				CLANG_WARN_BLOCK_CAPTURE_AUTORELEASING = YES;
				CLANG_WARN_BOOL_CONVERSION = YES;
				CLANG_WARN_COMMA = YES;
				CLANG_WARN_CONSTANT_CONVERSION = YES;
				CLANG_WARN_DEPRECATED_OBJC_IMPLEMENTATIONS = YES;
				CLANG_WARN_DIRECT_OBJC_ISA_USAGE = YES_ERROR;
				CLANG_WARN_DOCUMENTATION_COMMENTS = YES;
				CLANG_WARN_EMPTY_BODY = YES;
				CLANG_WARN_ENUM_CONVERSION = YES;
				CLANG_WARN_INFINITE_RECURSION = YES;
				CLANG_WARN_INT_CONVERSION = YES;
				CLANG_WARN_NON_LITERAL_NULL_CONVERSION = YES;
				CLANG_WARN_OBJC_IMPLICIT_RETAIN_SELF = YES;
				CLANG_WARN_OBJC_LITERAL_CONVERSION = YES;
				CLANG_WARN_OBJC_ROOT_CLASS = YES_ERROR;
				CLANG_WARN_QUOTED_INCLUDE_IN_FRAMEWORK_HEADER = YES;
				CLANG_WARN_RANGE_LOOP_ANALYSIS = YES;
				CLANG_WARN_STRICT_PROTOTYPES = YES;
				CLANG_WARN_SUSPICIOUS_MOVE = YES;
				CLANG_WARN_UNGUARDED_AVAILABILITY = YES_AGGRESSIVE;
				CLANG_WARN_UNREACHABLE_CODE = YES;
				CLANG_WARN__DUPLICATE_METHOD_MATCH = YES;
				COPY_PHASE_STRIP = NO;
				DEBUG_INFORMATION_FORMAT = "dwarf-with-dsym";
				ENABLE_NS_ASSERTIONS = NO;
				ENABLE_STRICT_OBJC_MSGSEND = YES;
				ENABLE_USER_SCRIPT_SANDBOXING = YES;
				GCC_C_LANGUAGE_STANDARD = gnu17;
				GCC_NO_COMMON_BLOCKS = YES;
				GCC_WARN_64_TO_32_BIT_CONVERSION = YES;
				GCC_WARN_ABOUT_RETURN_TYPE = YES_ERROR;
				GCC_WARN_UNDECLARED_SELECTOR = YES;
				GCC_WARN_UNINITIALIZED_AUTOS = YES_AGGRESSIVE;
				GCC_WARN_UNUSED_FUNCTION = YES;
				GCC_WARN_UNUSED_VARIABLE = YES;
				LOCALIZATION_PREFERS_STRING_CATALOGS = YES;
				MACOSX_DEPLOYMENT_TARGET = 14.2;
				MTL_ENABLE_DEBUG_INFO = NO;
				MTL_FAST_MATH = YES;
				SDKROOT = macosx;
				SWIFT_COMPILATION_MODE = wholemodule;
			};
			name = Release;
		};
		01215D3F2B5F4B4100C8B66C /* Debug */ = {
			isa = XCBuildConfiguration;
			buildSettings = {
				ASSETCATALOG_COMPILER_APPICON_NAME = AppIcon;
				ASSETCATALOG_COMPILER_GLOBAL_ACCENT_COLOR_NAME = AccentColor;
				CODE_SIGN_ENTITLEMENTS = Scenic/Scenic.entitlements;
				CODE_SIGN_STYLE = Automatic;
				COMBINE_HIDPI_IMAGES = YES;
				CURRENT_PROJECT_VERSION = 1;
				DEVELOPMENT_ASSET_PATHS = "\"Scenic/Preview Content\"";
				DEVELOPMENT_TEAM = A575NJYMU6;
				ENABLE_HARDENED_RUNTIME = YES;
				ENABLE_PREVIEWS = YES;
				GENERATE_INFOPLIST_FILE = YES;
				INFOPLIST_KEY_NSHumanReadableCopyright = "";
				LD_RUNPATH_SEARCH_PATHS = (
					"$(inherited)",
					"@executable_path/../Frameworks",
				);
				MARKETING_VERSION = 1.0;
				PRODUCT_BUNDLE_IDENTIFIER = org.ramekin.Scenic;
				PRODUCT_NAME = "$(TARGET_NAME)";
				SWIFT_EMIT_LOC_STRINGS = YES;
				SWIFT_VERSION = 5.0;
			};
			name = Debug;
		};
		01215D402B5F4B4100C8B66C /* Release */ = {
			isa = XCBuildConfiguration;
			buildSettings = {
				ASSETCATALOG_COMPILER_APPICON_NAME = AppIcon;
				ASSETCATALOG_COMPILER_GLOBAL_ACCENT_COLOR_NAME = AccentColor;
				CODE_SIGN_ENTITLEMENTS = Scenic/Scenic.entitlements;
				CODE_SIGN_STYLE = Automatic;
				COMBINE_HIDPI_IMAGES = YES;
				CURRENT_PROJECT_VERSION = 1;
				DEVELOPMENT_ASSET_PATHS = "\"Scenic/Preview Content\"";
				DEVELOPMENT_TEAM = A575NJYMU6;
				ENABLE_HARDENED_RUNTIME = YES;
				ENABLE_PREVIEWS = YES;
				GENERATE_INFOPLIST_FILE = YES;
				INFOPLIST_KEY_NSHumanReadableCopyright = "";
				LD_RUNPATH_SEARCH_PATHS = (
					"$(inherited)",
					"@executable_path/../Frameworks",
				);
				MARKETING_VERSION = 1.0;
				PRODUCT_BUNDLE_IDENTIFIER = org.ramekin.Scenic;
				PRODUCT_NAME = "$(TARGET_NAME)";
				SWIFT_EMIT_LOC_STRINGS = YES;
				SWIFT_VERSION = 5.0;
			};
			name = Release;
		};
		01215D422B5F4B4100C8B66C /* Debug */ = {
			isa = XCBuildConfiguration;
			buildSettings = {
				ALWAYS_EMBED_SWIFT_STANDARD_LIBRARIES = YES;
				BUNDLE_LOADER = "$(TEST_HOST)";
				CODE_SIGN_STYLE = Automatic;
				CURRENT_PROJECT_VERSION = 1;
				DEVELOPMENT_TEAM = A575NJYMU6;
				GENERATE_INFOPLIST_FILE = YES;
				MACOSX_DEPLOYMENT_TARGET = 14.2;
				MARKETING_VERSION = 1.0;
				PRODUCT_BUNDLE_IDENTIFIER = org.ramekin.ScenicTests;
				PRODUCT_NAME = "$(TARGET_NAME)";
				SWIFT_EMIT_LOC_STRINGS = NO;
				SWIFT_VERSION = 5.0;
				TEST_HOST = "$(BUILT_PRODUCTS_DIR)/Scenic.app/$(BUNDLE_EXECUTABLE_FOLDER_PATH)/Scenic";
			};
			name = Debug;
		};
		01215D432B5F4B4100C8B66C /* Release */ = {
			isa = XCBuildConfiguration;
			buildSettings = {
				ALWAYS_EMBED_SWIFT_STANDARD_LIBRARIES = YES;
				BUNDLE_LOADER = "$(TEST_HOST)";
				CODE_SIGN_STYLE = Automatic;
				CURRENT_PROJECT_VERSION = 1;
				DEVELOPMENT_TEAM = A575NJYMU6;
				GENERATE_INFOPLIST_FILE = YES;
				MACOSX_DEPLOYMENT_TARGET = 14.2;
				MARKETING_VERSION = 1.0;
				PRODUCT_BUNDLE_IDENTIFIER = org.ramekin.ScenicTests;
				PRODUCT_NAME = "$(TARGET_NAME)";
				SWIFT_EMIT_LOC_STRINGS = NO;
				SWIFT_VERSION = 5.0;
				TEST_HOST = "$(BUILT_PRODUCTS_DIR)/Scenic.app/$(BUNDLE_EXECUTABLE_FOLDER_PATH)/Scenic";
			};
			name = Release;
		};
		01215D452B5F4B4100C8B66C /* Debug */ = {
			isa = XCBuildConfiguration;
			buildSettings = {
				ALWAYS_EMBED_SWIFT_STANDARD_LIBRARIES = YES;
				CODE_SIGN_STYLE = Automatic;
				CURRENT_PROJECT_VERSION = 1;
				DEVELOPMENT_TEAM = A575NJYMU6;
				GENERATE_INFOPLIST_FILE = YES;
				MARKETING_VERSION = 1.0;
				PRODUCT_BUNDLE_IDENTIFIER = org.ramekin.ScenicUITests;
				PRODUCT_NAME = "$(TARGET_NAME)";
				SWIFT_EMIT_LOC_STRINGS = NO;
				SWIFT_VERSION = 5.0;
				TEST_TARGET_NAME = Scenic;
			};
			name = Debug;
		};
		01215D462B5F4B4100C8B66C /* Release */ = {
			isa = XCBuildConfiguration;
			buildSettings = {
				ALWAYS_EMBED_SWIFT_STANDARD_LIBRARIES = YES;
				CODE_SIGN_STYLE = Automatic;
				CURRENT_PROJECT_VERSION = 1;
				DEVELOPMENT_TEAM = A575NJYMU6;
				GENERATE_INFOPLIST_FILE = YES;
				MARKETING_VERSION = 1.0;
				PRODUCT_BUNDLE_IDENTIFIER = org.ramekin.ScenicUITests;
				PRODUCT_NAME = "$(TARGET_NAME)";
				SWIFT_EMIT_LOC_STRINGS = NO;
				SWIFT_VERSION = 5.0;
				TEST_TARGET_NAME = Scenic;
			};
			name = Release;
		};
/* End XCBuildConfiguration section */

/* Begin XCConfigurationList section */
		01215D142B5F4B4000C8B66C /* Build configuration list for PBXProject "Scenic" */ = {
			isa = XCConfigurationList;
			buildConfigurations = (
				01215D3C2B5F4B4100C8B66C /* Debug */,
				01215D3D2B5F4B4100C8B66C /* Release */,
			);
			defaultConfigurationIsVisible = 0;
			defaultConfigurationName = Release;
		};
		01215D3E2B5F4B4100C8B66C /* Build configuration list for PBXNativeTarget "Scenic" */ = {
			isa = XCConfigurationList;
			buildConfigurations = (
				01215D3F2B5F4B4100C8B66C /* Debug */,
				01215D402B5F4B4100C8B66C /* Release */,
			);
			defaultConfigurationIsVisible = 0;
			defaultConfigurationName = Release;
		};
		01215D412B5F4B4100C8B66C /* Build configuration list for PBXNativeTarget "ScenicTests" */ = {
			isa = XCConfigurationList;
			buildConfigurations = (
				01215D422B5F4B4100C8B66C /* Debug */,
				01215D432B5F4B4100C8B66C /* Release */,
			);
			defaultConfigurationIsVisible = 0;
			defaultConfigurationName = Release;
		};
		01215D442B5F4B4100C8B66C /* Build configuration list for PBXNativeTarget "ScenicUITests" */ = {
			isa = XCConfigurationList;
			buildConfigurations = (
				01215D452B5F4B4100C8B66C /* Debug */,
				01215D462B5F4B4100C8B66C /* Release */,
			);
			defaultConfigurationIsVisible = 0;
			defaultConfigurationName = Release;
		};
/* End XCConfigurationList section */
	};
	rootObject = 01215D112B5F4B4000C8B66C /* Project object */;
}
